
Microsoft Visual Studio Solution File, Format Version 12.00
Project("{FAE04EC0-301F-11D3-BF4B-00C04F79EFBC}") = "CleanArchitecture.Core", "src\CleanArchitecture.Core\CleanArchitecture.Core.csproj", "{25094E6C-2298-4550-965C-C8188CD8ED0B}"
EndProject
Project("{FAE04EC0-301F-11D3-BF4B-00C04F79EFBC}") = "CleanArchitecture.Core.Tests", "src\CleanArchitecture.Core.Tests\CleanArchitecture.Core.Tests.csproj", "{67D439A3-088F-49A8-967D-570449C29426}"
EndProject
Project("{FAE04EC0-301F-11D3-BF4B-00C04F79EFBC}") = "CleanArchitecture.Core.Analyzers", "src\CleanArchitecture.Core.Analyzers\CleanArchitecture.Core.Analyzers.csproj", "{8815CB3B-12A0-4408-9D36-C6A43F6508CF}"
EndProject
Project("{FAE04EC0-301F-11D3-BF4B-00C04F79EFBC}") = "CleanArchitecture.Core.Analyzers.Tests", "src\CleanArchitecture.Core.Analyzers.Tests\CleanArchitecture.Core.Analyzers.Tests.csproj", "{837A283B-6A11-43CF-AFED-EB9B4A4D4CB9}"
EndProject
Project("{FAE04EC0-301F-11D3-BF4B-00C04F79EFBC}") = "CleanArchitecture.Core.SourceGenerators", "src\CleanArchitecture.Core.SourceGenerators\CleanArchitecture.Core.SourceGenerators.csproj", "{C3345F19-FA0E-4FF6-9567-7820915400F6}"
EndProject
Project("{FAE04EC0-301F-11D3-BF4B-00C04F79EFBC}") = "CleanArchitecture.Core.SourceGenerators.Tests", "src\CleanArchitecture.Core.SourceGenerators.Tests\CleanArchitecture.Core.SourceGenerators.Tests.csproj", "{8E957335-CBD6-447E-B998-FC1C3C4CCEAC}"
EndProject
Project("{FAE04EC0-301F-11D3-BF4B-00C04F79EFBC}") = "CleanArchitecture.Core.AllForTesting", "src\CleanArchitecture.Core.AllForTesting\CleanArchitecture.Core.AllForTesting.csproj", "{19CF58FE-9F60-4D76-B26D-369EC8F4EBF5}"
EndProject
Project("{FAE04EC0-301F-11D3-BF4B-00C04F79EFBC}") = "CleanArchitecture.Core.Roslyn.Helpers", "src\CleanArchitecture.Core.Roslyn.Helpers\CleanArchitecture.Core.Roslyn.Helpers.csproj", "{9C80F4EC-D613-463E-90E0-B5C1867C818A}"
EndProject
Global
	GlobalSection(SolutionConfigurationPlatforms) = preSolution
		Debug|Any CPU = Debug|Any CPU
		Release|Any CPU = Release|Any CPU
	EndGlobalSection
	GlobalSection(ProjectConfigurationPlatforms) = postSolution
		{25094E6C-2298-4550-965C-C8188CD8ED0B}.Debug|Any CPU.ActiveCfg = Debug|Any CPU
		{25094E6C-2298-4550-965C-C8188CD8ED0B}.Debug|Any CPU.Build.0 = Debug|Any CPU
		{25094E6C-2298-4550-965C-C8188CD8ED0B}.Release|Any CPU.ActiveCfg = Release|Any CPU
		{25094E6C-2298-4550-965C-C8188CD8ED0B}.Release|Any CPU.Build.0 = Release|Any CPU
		{67D439A3-088F-49A8-967D-570449C29426}.Debug|Any CPU.ActiveCfg = Debug|Any CPU
		{67D439A3-088F-49A8-967D-570449C29426}.Debug|Any CPU.Build.0 = Debug|Any CPU
		{67D439A3-088F-49A8-967D-570449C29426}.Release|Any CPU.ActiveCfg = Release|Any CPU
		{67D439A3-088F-49A8-967D-570449C29426}.Release|Any CPU.Build.0 = Release|Any CPU
		{8815CB3B-12A0-4408-9D36-C6A43F6508CF}.Debug|Any CPU.ActiveCfg = Debug|Any CPU
		{8815CB3B-12A0-4408-9D36-C6A43F6508CF}.Debug|Any CPU.Build.0 = Debug|Any CPU
		{8815CB3B-12A0-4408-9D36-C6A43F6508CF}.Release|Any CPU.ActiveCfg = Release|Any CPU
		{8815CB3B-12A0-4408-9D36-C6A43F6508CF}.Release|Any CPU.Build.0 = Release|Any CPU
		{837A283B-6A11-43CF-AFED-EB9B4A4D4CB9}.Debug|Any CPU.ActiveCfg = Debug|Any CPU
		{837A283B-6A11-43CF-AFED-EB9B4A4D4CB9}.Debug|Any CPU.Build.0 = Debug|Any CPU
		{837A283B-6A11-43CF-AFED-EB9B4A4D4CB9}.Release|Any CPU.ActiveCfg = Release|Any CPU
		{837A283B-6A11-43CF-AFED-EB9B4A4D4CB9}.Release|Any CPU.Build.0 = Release|Any CPU
		{C3345F19-FA0E-4FF6-9567-7820915400F6}.Debug|Any CPU.ActiveCfg = Debug|Any CPU
		{C3345F19-FA0E-4FF6-9567-7820915400F6}.Debug|Any CPU.Build.0 = Debug|Any CPU
		{C3345F19-FA0E-4FF6-9567-7820915400F6}.Release|Any CPU.ActiveCfg = Release|Any CPU
		{C3345F19-FA0E-4FF6-9567-7820915400F6}.Release|Any CPU.Build.0 = Release|Any CPU
		{8E957335-CBD6-447E-B998-FC1C3C4CCEAC}.Debug|Any CPU.ActiveCfg = Debug|Any CPU
		{8E957335-CBD6-447E-B998-FC1C3C4CCEAC}.Debug|Any CPU.Build.0 = Debug|Any CPU
		{8E957335-CBD6-447E-B998-FC1C3C4CCEAC}.Release|Any CPU.ActiveCfg = Release|Any CPU
		{8E957335-CBD6-447E-B998-FC1C3C4CCEAC}.Release|Any CPU.Build.0 = Release|Any CPU
		{19CF58FE-9F60-4D76-B26D-369EC8F4EBF5}.Debug|Any CPU.ActiveCfg = Debug|Any CPU
		{19CF58FE-9F60-4D76-B26D-369EC8F4EBF5}.Debug|Any CPU.Build.0 = Debug|Any CPU
		{19CF58FE-9F60-4D76-B26D-369EC8F4EBF5}.Release|Any CPU.ActiveCfg = Release|Any CPU
		{19CF58FE-9F60-4D76-B26D-369EC8F4EBF5}.Release|Any CPU.Build.0 = Release|Any CPU
		{9C80F4EC-D613-463E-90E0-B5C1867C818A}.Debug|Any CPU.ActiveCfg = Debug|Any CPU
		{9C80F4EC-D613-463E-90E0-B5C1867C818A}.Debug|Any CPU.Build.0 = Debug|Any CPU
		{9C80F4EC-D613-463E-90E0-B5C1867C818A}.Release|Any CPU.ActiveCfg = Release|Any CPU
		{9C80F4EC-D613-463E-90E0-B5C1867C818A}.Release|Any CPU.Build.0 = Release|Any CPU
	EndGlobalSection
EndGlobal
